
Microsoft Visual Studio Solution File, Format Version 12.00
# Visual Studio Version 16
VisualStudioVersion = 16.0.31019.35
MinimumVisualStudioVersion = 10.0.40219.1
Project("{9A19103F-16F7-4668-BE54-9A1E7A4F7556}") = "BasicsOfCSharp", "BasicsOfCSharp\BasicsOfCSharp.csproj", "{990BF59D-F8F7-4664-8F58-7D26D9A23BF5}"
EndProject
Project("{9A19103F-16F7-4668-BE54-9A1E7A4F7556}") = "DSA", "DSA\DSA.csproj", "{1192E7D8-6218-42F9-B005-F1726DDD2282}"
EndProject
Project("{FAE04EC0-301F-11D3-BF4B-00C04F79EFBC}") = "OOPConcepts", "OOPConcepts\OOPConcepts.csproj", "{2F246918-26E0-45F4-B88A-D69332B92DA4}"
EndProject
Project("{FAE04EC0-301F-11D3-BF4B-00C04F79EFBC}") = "BLL", "BLL\BLL.csproj", "{6AF63814-EDCD-4B8E-8C8C-CF34801A0374}"
EndProject
Global
	GlobalSection(SolutionConfigurationPlatforms) = preSolution
		Debug|Any CPU = Debug|Any CPU
		Release|Any CPU = Release|Any CPU
	EndGlobalSection
	GlobalSection(ProjectConfigurationPlatforms) = postSolution
		{990BF59D-F8F7-4664-8F58-7D26D9A23BF5}.Debug|Any CPU.ActiveCfg = Debug|Any CPU
		{990BF59D-F8F7-4664-8F58-7D26D9A23BF5}.Debug|Any CPU.Build.0 = Debug|Any CPU
		{990BF59D-F8F7-4664-8F58-7D26D9A23BF5}.Release|Any CPU.ActiveCfg = Release|Any CPU
		{990BF59D-F8F7-4664-8F58-7D26D9A23BF5}.Release|Any CPU.Build.0 = Release|Any CPU
		{1192E7D8-6218-42F9-B005-F1726DDD2282}.Debug|Any CPU.ActiveCfg = Debug|Any CPU
		{1192E7D8-6218-42F9-B005-F1726DDD2282}.Debug|Any CPU.Build.0 = Debug|Any CPU
		{1192E7D8-6218-42F9-B005-F1726DDD2282}.Release|Any CPU.ActiveCfg = Release|Any CPU
		{1192E7D8-6218-42F9-B005-F1726DDD2282}.Release|Any CPU.Build.0 = Release|Any CPU
		{2F246918-26E0-45F4-B88A-D69332B92DA4}.Debug|Any CPU.ActiveCfg = Debug|Any CPU
		{2F246918-26E0-45F4-B88A-D69332B92DA4}.Debug|Any CPU.Build.0 = Debug|Any CPU
		{2F246918-26E0-45F4-B88A-D69332B92DA4}.Release|Any CPU.ActiveCfg = Release|Any CPU
		{2F246918-26E0-45F4-B88A-D69332B92DA4}.Release|Any CPU.Build.0 = Release|Any CPU
		{6AF63814-EDCD-4B8E-8C8C-CF34801A0374}.Debug|Any CPU.ActiveCfg = Debug|Any CPU
		{6AF63814-EDCD-4B8E-8C8C-CF34801A0374}.Debug|Any CPU.Build.0 = Debug|Any CPU
		{6AF63814-EDCD-4B8E-8C8C-CF34801A0374}.Release|Any CPU.ActiveCfg = Release|Any CPU
		{6AF63814-EDCD-4B8E-8C8C-CF34801A0374}.Release|Any CPU.Build.0 = Release|Any CPU
	EndGlobalSection
	GlobalSection(SolutionProperties) = preSolution
		HideSolutionNode = FALSE
	EndGlobalSection
	GlobalSection(ExtensibilityGlobals) = postSolution
		SolutionGuid = {B105DD3A-98BB-4B33-8359-066E498CAED4}
	EndGlobalSection
EndGlobal
